# THIS IS AN AUTOGENERATED FILE. DO NOT EDIT THIS FILE DIRECTLY.
# yarn lockfile v1


"@spectrum-css/button@^13.0.0":
  version "13.0.0"
  resolved "https://registry.yarnpkg.com/@spectrum-css/button/-/button-13.0.0.tgz#3c4e15dd2204b14d7d8127031c7390a355bef09a"
  integrity sha512-YOr9fRLdPVIJcCENa8+vHlFg8iK+ll9Yxj4IWyoXXgxWYT/dVHRYKqdUY4KrF4iOwlNr/qQO195pQu7D1sdJNA==

"@spectrum-css/icon@^7.0.0":
  version "7.0.0"
  resolved "https://registry.yarnpkg.com/@spectrum-css/icon/-/icon-7.0.0.tgz#1f716e830b30c4fb1797b42ab95571e1aefb8b86"
  integrity sha512-YWmfN/Th02ZWMrBDuTYx0c3MOPDSYT7wTq5MW3qhh90MZD/ARil7aQCdZLi8vwLVmIp+/ruz44jfPhywtrho9Q==

"@spectrum-css/page@^8.0.0":
  version "8.0.0"
  resolved "https://registry.yarnpkg.com/@spectrum-css/page/-/page-8.0.0.tgz#4956e775752cae63acb86a126c5786919be93f35"
  integrity sha512-3+nciBl26TwrZkTr+cRTlCq+YF9+TOH+Lhr+0Q+NxZyHrUkWIcjDqoZ5g5YiefsRnFWw6dsq3GO1OffXqAVHng==

"@spectrum-css/tokens@^14.0.0":
  version "14.0.0"
  resolved "https://registry.yarnpkg.com/@spectrum-css/tokens/-/tokens-14.0.0.tgz#e9c25523ebdca90c6acae516088ea8772d2d46ab"
  integrity sha512-4Tf4PWHXBYM395j+JJxr4uwgi3lx449iqu2BTwzf9dfdKSzEd0fZtpsXWldE2VdZjz5XQrNKFIwH6Gkmqo03tA==

"@spectrum-css/typography@^6.0.0":
  version "6.0.0"
  resolved "https://registry.yarnpkg.com/@spectrum-css/typography/-/typography-6.0.0.tgz#ec9c9a9e6e1802ad79a375159aceb7429fb69f6d"
  integrity sha512-QNk/ef/X6lZCBrLDaHh804AuVqjPniZ6k6pQLgayduqPgkpjGfzJ+v11Cemu0B/NQMf4do1rDdQzta03DIkbGw==
